
Microsoft Visual Studio Solution File, Format Version 12.00
# Visual Studio 15
Project("{FAE04EC0-301F-11D3-BF4B-00C04F79EFBC}") = "Assembly-CSharp", "Assembly-CSharp.csproj", "{2124C546-1C6E-1F49-B4C7-91201A857ED4}"
EndProject
Project("{FAE04EC0-301F-11D3-BF4B-00C04F79EFBC}") = "Assembly-CSharp-Editor", "Assembly-CSharp-Editor.csproj", "{0CD1526C-21CD-84E9-A536-918F46DE94D5}"
EndProject
Global
	GlobalSection(SolutionConfigurationPlatforms) = preSolution
		Debug|Any CPU = Debug|Any CPU
		Release|Any CPU = Release|Any CPU
	EndGlobalSection
	GlobalSection(ProjectConfigurationPlatforms) = postSolution
		{2124C546-1C6E-1F49-B4C7-91201A857ED4}.Debug|Any CPU.ActiveCfg = Debug|Any CPU
		{2124C546-1C6E-1F49-B4C7-91201A857ED4}.Debug|Any CPU.Build.0 = Debug|Any CPU
		{2124C546-1C6E-1F49-B4C7-91201A857ED4}.Release|Any CPU.ActiveCfg = Release|Any CPU
		{2124C546-1C6E-1F49-B4C7-91201A857ED4}.Release|Any CPU.Build.0 = Release|Any CPU
		{0CD1526C-21CD-84E9-A536-918F46DE94D5}.Debug|Any CPU.ActiveCfg = Debug|Any CPU
		{0CD1526C-21CD-84E9-A536-918F46DE94D5}.Debug|Any CPU.Build.0 = Debug|Any CPU
		{0CD1526C-21CD-84E9-A536-918F46DE94D5}.Release|Any CPU.ActiveCfg = Release|Any CPU
		{0CD1526C-21CD-84E9-A536-918F46DE94D5}.Release|Any CPU.Build.0 = Release|Any CPU
	EndGlobalSection
	GlobalSection(SolutionProperties) = preSolution
		HideSolutionNode = FALSE
	EndGlobalSection
EndGlobal
